// !$*UTF8*$!
{
	archiveVersion = 1;
	classes = {
	};
	objectVersion = 50;
	objects = {

/* Begin PBXBuildFile section */
		315DC8392391746F000636DD /* AppDelegate.swift in Sources */ = {isa = PBXBuildFile; fileRef = 315DC8382391746F000636DD /* AppDelegate.swift */; };
		315DC83B2391746F000636DD /* SceneDelegate.swift in Sources */ = {isa = PBXBuildFile; fileRef = 315DC83A2391746F000636DD /* SceneDelegate.swift */; };
		315DC83D2391746F000636DD /* ViewController.swift in Sources */ = {isa = PBXBuildFile; fileRef = 315DC83C2391746F000636DD /* ViewController.swift */; };
		315DC8402391746F000636DD /* Main.storyboard in Resources */ = {isa = PBXBuildFile; fileRef = 315DC83E2391746F000636DD /* Main.storyboard */; };
		315DC84223917471000636DD /* Assets.xcassets in Resources */ = {isa = PBXBuildFile; fileRef = 315DC84123917471000636DD /* Assets.xcassets */; };
		315DC84523917471000636DD /* LaunchScreen.storyboard in Resources */ = {isa = PBXBuildFile; fileRef = 315DC84323917471000636DD /* LaunchScreen.storyboard */; };
		315DC85023917471000636DD /* maobabaTests.swift in Sources */ = {isa = PBXBuildFile; fileRef = 315DC84F23917471000636DD /* maobabaTests.swift */; };
		315DC85B23917471000636DD /* maobabaUITests.swift in Sources */ = {isa = PBXBuildFile; fileRef = 315DC85A23917471000636DD /* maobabaUITests.swift */; };
		47E2DB8BB274519E5DB22FAB /* Pods_maobabaTests.framework in Frameworks */ = {isa = PBXBuildFile; fileRef = E30501183D5A84D5AF85336B /* Pods_maobabaTests.framework */; };
		4814E847CAC8DF3FE1AEDB10 /* Pods_maobabaUITests.framework in Frameworks */ = {isa = PBXBuildFile; fileRef = 26B00C17CB691B3A58E4F44C /* Pods_maobabaUITests.framework */; };
		B4B2610BF18591853BFA0AF5 /* Pods_maobaba.framework in Frameworks */ = {isa = PBXBuildFile; fileRef = 108BEE19584D9410BA1C8122 /* Pods_maobaba.framework */; };
/* End PBXBuildFile section */

/* Begin PBXContainerItemProxy section */
		315DC84C23917471000636DD /* PBXContainerItemProxy */ = {
			isa = PBXContainerItemProxy;
			containerPortal = 315DC82D2391746F000636DD /* Project object */;
			proxyType = 1;
			remoteGlobalIDString = 315DC8342391746F000636DD;
			remoteInfo = maobaba;
		};
		315DC85723917471000636DD /* PBXContainerItemProxy */ = {
			isa = PBXContainerItemProxy;
			containerPortal = 315DC82D2391746F000636DD /* Project object */;
			proxyType = 1;
			remoteGlobalIDString = 315DC8342391746F000636DD;
			remoteInfo = maobaba;
		};
/* End PBXContainerItemProxy section */

/* Begin PBXFileReference section */
		04EFC2C9960645DC0956F15A /* Pods-maobaba.release.xcconfig */ = {isa = PBXFileReference; includeInIndex = 1; lastKnownFileType = text.xcconfig; name = "Pods-maobaba.release.xcconfig"; path = "Pods/Target Support Files/Pods-maobaba/Pods-maobaba.release.xcconfig"; sourceTree = "<group>"; };
		108BEE19584D9410BA1C8122 /* Pods_maobaba.framework */ = {isa = PBXFileReference; explicitFileType = wrapper.framework; includeInIndex = 0; path = Pods_maobaba.framework; sourceTree = BUILT_PRODUCTS_DIR; };
		131012C8579CF708B4D2D4A1 /* Pods-maobabaTests.release.xcconfig */ = {isa = PBXFileReference; includeInIndex = 1; lastKnownFileType = text.xcconfig; name = "Pods-maobabaTests.release.xcconfig"; path = "Pods/Target Support Files/Pods-maobabaTests/Pods-maobabaTests.release.xcconfig"; sourceTree = "<group>"; };
		26B00C17CB691B3A58E4F44C /* Pods_maobabaUITests.framework */ = {isa = PBXFileReference; explicitFileType = wrapper.framework; includeInIndex = 0; path = Pods_maobabaUITests.framework; sourceTree = BUILT_PRODUCTS_DIR; };
		315DC8352391746F000636DD /* maobaba.app */ = {isa = PBXFileReference; explicitFileType = wrapper.application; includeInIndex = 0; path = maobaba.app; sourceTree = BUILT_PRODUCTS_DIR; };
		315DC8382391746F000636DD /* AppDelegate.swift */ = {isa = PBXFileReference; lastKnownFileType = sourcecode.swift; path = AppDelegate.swift; sourceTree = "<group>"; };
		315DC83A2391746F000636DD /* SceneDelegate.swift */ = {isa = PBXFileReference; lastKnownFileType = sourcecode.swift; path = SceneDelegate.swift; sourceTree = "<group>"; };
		315DC83C2391746F000636DD /* ViewController.swift */ = {isa = PBXFileReference; lastKnownFileType = sourcecode.swift; path = ViewController.swift; sourceTree = "<group>"; };
		315DC83F2391746F000636DD /* Base */ = {isa = PBXFileReference; lastKnownFileType = file.storyboard; name = Base; path = Base.lproj/Main.storyboard; sourceTree = "<group>"; };
		315DC84123917471000636DD /* Assets.xcassets */ = {isa = PBXFileReference; lastKnownFileType = folder.assetcatalog; path = Assets.xcassets; sourceTree = "<group>"; };
		315DC84423917471000636DD /* Base */ = {isa = PBXFileReference; lastKnownFileType = file.storyboard; name = Base; path = Base.lproj/LaunchScreen.storyboard; sourceTree = "<group>"; };
		315DC84623917471000636DD /* Info.plist */ = {isa = PBXFileReference; lastKnownFileType = text.plist.xml; path = Info.plist; sourceTree = "<group>"; };
		315DC84B23917471000636DD /* maobabaTests.xctest */ = {isa = PBXFileReference; explicitFileType = wrapper.cfbundle; includeInIndex = 0; path = maobabaTests.xctest; sourceTree = BUILT_PRODUCTS_DIR; };
		315DC84F23917471000636DD /* maobabaTests.swift */ = {isa = PBXFileReference; lastKnownFileType = sourcecode.swift; path = maobabaTests.swift; sourceTree = "<group>"; };
		315DC85123917471000636DD /* Info.plist */ = {isa = PBXFileReference; lastKnownFileType = text.plist.xml; path = Info.plist; sourceTree = "<group>"; };
		315DC85623917471000636DD /* maobabaUITests.xctest */ = {isa = PBXFileReference; explicitFileType = wrapper.cfbundle; includeInIndex = 0; path = maobabaUITests.xctest; sourceTree = BUILT_PRODUCTS_DIR; };
		315DC85A23917471000636DD /* maobabaUITests.swift */ = {isa = PBXFileReference; lastKnownFileType = sourcecode.swift; path = maobabaUITests.swift; sourceTree = "<group>"; };
		315DC85C23917471000636DD /* Info.plist */ = {isa = PBXFileReference; lastKnownFileType = text.plist.xml; path = Info.plist; sourceTree = "<group>"; };
		4800A08D75C602D6D565ACD6 /* Pods-maobabaTests.debug.xcconfig */ = {isa = PBXFileReference; includeInIndex = 1; lastKnownFileType = text.xcconfig; name = "Pods-maobabaTests.debug.xcconfig"; path = "Pods/Target Support Files/Pods-maobabaTests/Pods-maobabaTests.debug.xcconfig"; sourceTree = "<group>"; };
		61E5ACC7F89C568FD7958380 /* Pods-maobabaUITests.release.xcconfig */ = {isa = PBXFileReference; includeInIndex = 1; lastKnownFileType = text.xcconfig; name = "Pods-maobabaUITests.release.xcconfig"; path = "Pods/Target Support Files/Pods-maobabaUITests/Pods-maobabaUITests.release.xcconfig"; sourceTree = "<group>"; };
		DC44D001B69E3216D92ABA1A /* Pods-maobabaUITests.debug.xcconfig */ = {isa = PBXFileReference; includeInIndex = 1; lastKnownFileType = text.xcconfig; name = "Pods-maobabaUITests.debug.xcconfig"; path = "Pods/Target Support Files/Pods-maobabaUITests/Pods-maobabaUITests.debug.xcconfig"; sourceTree = "<group>"; };
		E30501183D5A84D5AF85336B /* Pods_maobabaTests.framework */ = {isa = PBXFileReference; explicitFileType = wrapper.framework; includeInIndex = 0; path = Pods_maobabaTests.framework; sourceTree = BUILT_PRODUCTS_DIR; };
		FE75278676352F7660E19811 /* Pods-maobaba.debug.xcconfig */ = {isa = PBXFileReference; includeInIndex = 1; lastKnownFileType = text.xcconfig; name = "Pods-maobaba.debug.xcconfig"; path = "Pods/Target Support Files/Pods-maobaba/Pods-maobaba.debug.xcconfig"; sourceTree = "<group>"; };
/* End PBXFileReference section */

/* Begin PBXFrameworksBuildPhase section */
		315DC8322391746F000636DD /* Frameworks */ = {
			isa = PBXFrameworksBuildPhase;
			buildActionMask = 2147483647;
			files = (
				B4B2610BF18591853BFA0AF5 /* Pods_maobaba.framework in Frameworks */,
			);
			runOnlyForDeploymentPostprocessing = 0;
		};
		315DC84823917471000636DD /* Frameworks */ = {
			isa = PBXFrameworksBuildPhase;
			buildActionMask = 2147483647;
			files = (
				47E2DB8BB274519E5DB22FAB /* Pods_maobabaTests.framework in Frameworks */,
			);
			runOnlyForDeploymentPostprocessing = 0;
		};
		315DC85323917471000636DD /* Frameworks */ = {
			isa = PBXFrameworksBuildPhase;
			buildActionMask = 2147483647;
			files = (
				4814E847CAC8DF3FE1AEDB10 /* Pods_maobabaUITests.framework in Frameworks */,
			);
			runOnlyForDeploymentPostprocessing = 0;
		};
/* End PBXFrameworksBuildPhase section */

/* Begin PBXGroup section */
		315DC82C2391746F000636DD = {
			isa = PBXGroup;
			children = (
				315DC8372391746F000636DD /* maobaba */,
				315DC84E23917471000636DD /* maobabaTests */,
				315DC85923917471000636DD /* maobabaUITests */,
				315DC8362391746F000636DD /* Products */,
				FC0D3B414676A61124B41F58 /* Pods */,
				7BA2D5A66A12E1D89F8F2AEF /* Frameworks */,
			);
			sourceTree = "<group>";
		};
		315DC8362391746F000636DD /* Products */ = {
			isa = PBXGroup;
			children = (
				315DC8352391746F000636DD /* maobaba.app */,
				315DC84B23917471000636DD /* maobabaTests.xctest */,
				315DC85623917471000636DD /* maobabaUITests.xctest */,
			);
			name = Products;
			sourceTree = "<group>";
		};
		315DC8372391746F000636DD /* maobaba */ = {
			isa = PBXGroup;
			children = (
				315DC8382391746F000636DD /* AppDelegate.swift */,
				315DC83A2391746F000636DD /* SceneDelegate.swift */,
				315DC83C2391746F000636DD /* ViewController.swift */,
				315DC83E2391746F000636DD /* Main.storyboard */,
				315DC84123917471000636DD /* Assets.xcassets */,
				315DC84323917471000636DD /* LaunchScreen.storyboard */,
				315DC84623917471000636DD /* Info.plist */,
			);
			path = maobaba;
			sourceTree = "<group>";
		};
		315DC84E23917471000636DD /* maobabaTests */ = {
			isa = PBXGroup;
			children = (
				315DC84F23917471000636DD /* maobabaTests.swift */,
				315DC85123917471000636DD /* Info.plist */,
			);
			path = maobabaTests;
			sourceTree = "<group>";
		};
		315DC85923917471000636DD /* maobabaUITests */ = {
			isa = PBXGroup;
			children = (
				315DC85A23917471000636DD /* maobabaUITests.swift */,
				315DC85C23917471000636DD /* Info.plist */,
			);
			path = maobabaUITests;
			sourceTree = "<group>";
		};
		7BA2D5A66A12E1D89F8F2AEF /* Frameworks */ = {
			isa = PBXGroup;
			children = (
				108BEE19584D9410BA1C8122 /* Pods_maobaba.framework */,
				E30501183D5A84D5AF85336B /* Pods_maobabaTests.framework */,
				26B00C17CB691B3A58E4F44C /* Pods_maobabaUITests.framework */,
			);
			name = Frameworks;
			sourceTree = "<group>";
		};
		FC0D3B414676A61124B41F58 /* Pods */ = {
			isa = PBXGroup;
			children = (
				FE75278676352F7660E19811 /* Pods-maobaba.debug.xcconfig */,
				04EFC2C9960645DC0956F15A /* Pods-maobaba.release.xcconfig */,
				4800A08D75C602D6D565ACD6 /* Pods-maobabaTests.debug.xcconfig */,
				131012C8579CF708B4D2D4A1 /* Pods-maobabaTests.release.xcconfig */,
				DC44D001B69E3216D92ABA1A /* Pods-maobabaUITests.debug.xcconfig */,
				61E5ACC7F89C568FD7958380 /* Pods-maobabaUITests.release.xcconfig */,
			);
			name = Pods;
			sourceTree = "<group>";
		};
/* End PBXGroup section */

/* Begin PBXNativeTarget section */
		315DC8342391746F000636DD /* maobaba */ = {
			isa = PBXNativeTarget;
			buildConfigurationList = 315DC85F23917471000636DD /* Build configuration list for PBXNativeTarget "maobaba" */;
			buildPhases = (
				7B7290BEF0E8CBC8CDD1D977 /* [CP] Check Pods Manifest.lock */,
				315DC8312391746F000636DD /* Sources */,
				315DC8322391746F000636DD /* Frameworks */,
				315DC8332391746F000636DD /* Resources */,
				223D7349C22CC1CCB21F4AF5 /* [CP] Embed Pods Frameworks */,
			);
			buildRules = (
			);
			dependencies = (
			);
			name = maobaba;
			productName = maobaba;
			productReference = 315DC8352391746F000636DD /* maobaba.app */;
			productType = "com.apple.product-type.application";
		};
		315DC84A23917471000636DD /* maobabaTests */ = {
			isa = PBXNativeTarget;
			buildConfigurationList = 315DC86223917471000636DD /* Build configuration list for PBXNativeTarget "maobabaTests" */;
			buildPhases = (
				45282E044313A81E7EFCF588 /* [CP] Check Pods Manifest.lock */,
				315DC84723917471000636DD /* Sources */,
				315DC84823917471000636DD /* Frameworks */,
				315DC84923917471000636DD /* Resources */,
			);
			buildRules = (
			);
			dependencies = (
				315DC84D23917471000636DD /* PBXTargetDependency */,
			);
			name = maobabaTests;
			productName = maobabaTests;
			productReference = 315DC84B23917471000636DD /* maobabaTests.xctest */;
			productType = "com.apple.product-type.bundle.unit-test";
		};
		315DC85523917471000636DD /* maobabaUITests */ = {
			isa = PBXNativeTarget;
			buildConfigurationList = 315DC86523917471000636DD /* Build configuration list for PBXNativeTarget "maobabaUITests" */;
			buildPhases = (
				1BA029ACE0BB438C384A5BDA /* [CP] Check Pods Manifest.lock */,
				315DC85223917471000636DD /* Sources */,
				315DC85323917471000636DD /* Frameworks */,
				315DC85423917471000636DD /* Resources */,
			);
			buildRules = (
			);
			dependencies = (
				315DC85823917471000636DD /* PBXTargetDependency */,
			);
			name = maobabaUITests;
			productName = maobabaUITests;
			productReference = 315DC85623917471000636DD /* maobabaUITests.xctest */;
			productType = "com.apple.product-type.bundle.ui-testing";
		};
/* End PBXNativeTarget section */

/* Begin PBXProject section */
		315DC82D2391746F000636DD /* Project object */ = {
			isa = PBXProject;
			attributes = {
				LastSwiftUpdateCheck = 1120;
				LastUpgradeCheck = 1120;
				ORGANIZATIONNAME = "毛立";
				TargetAttributes = {
					315DC8342391746F000636DD = {
						CreatedOnToolsVersion = 11.2.1;
					};
					315DC84A23917471000636DD = {
						CreatedOnToolsVersion = 11.2.1;
						TestTargetID = 315DC8342391746F000636DD;
					};
					315DC85523917471000636DD = {
						CreatedOnToolsVersion = 11.2.1;
						TestTargetID = 315DC8342391746F000636DD;
					};
				};
			};
			buildConfigurationList = 315DC8302391746F000636DD /* Build configuration list for PBXProject "maobaba" */;
			compatibilityVersion = "Xcode 9.3";
			developmentRegion = en;
			hasScannedForEncodings = 0;
			knownRegions = (
				en,
				Base,
			);
			mainGroup = 315DC82C2391746F000636DD;
			productRefGroup = 315DC8362391746F000636DD /* Products */;
			projectDirPath = "";
			projectRoot = "";
			targets = (
				315DC8342391746F000636DD /* maobaba */,
				315DC84A23917471000636DD /* maobabaTests */,
				315DC85523917471000636DD /* maobabaUITests */,
			);
		};
/* End PBXProject section */

/* Begin PBXResourcesBuildPhase section */
		315DC8332391746F000636DD /* Resources */ = {
			isa = PBXResourcesBuildPhase;
			buildActionMask = 2147483647;
			files = (
				315DC84523917471000636DD /* LaunchScreen.storyboard in Resources */,
				315DC84223917471000636DD /* Assets.xcassets in Resources */,
				315DC8402391746F000636DD /* Main.storyboard in Resources */,
			);
			runOnlyForDeploymentPostprocessing = 0;
		};
		315DC84923917471000636DD /* Resources */ = {
			isa = PBXResourcesBuildPhase;
			buildActionMask = 2147483647;
			files = (
			);
			runOnlyForDeploymentPostprocessing = 0;
		};
		315DC85423917471000636DD /* Resources */ = {
			isa = PBXResourcesBuildPhase;
			buildActionMask = 2147483647;
			files = (
			);
			runOnlyForDeploymentPostprocessing = 0;
		};
/* End PBXResourcesBuildPhase section */

/* Begin PBXShellScriptBuildPhase section */
		1BA029ACE0BB438C384A5BDA /* [CP] Check Pods Manifest.lock */ = {
			isa = PBXShellScriptBuildPhase;
			buildActionMask = 2147483647;
			files = (
			);
			inputFileListPaths = (
			);
			inputPaths = (
				"${PODS_PODFILE_DIR_PATH}/Podfile.lock",
				"${PODS_ROOT}/Manifest.lock",
			);
			name = "[CP] Check Pods Manifest.lock";
			outputFileListPaths = (
			);
			outputPaths = (
				"$(DERIVED_FILE_DIR)/Pods-maobabaUITests-checkManifestLockResult.txt",
			);
			runOnlyForDeploymentPostprocessing = 0;
			shellPath = /bin/sh;
			shellScript = "diff \"${PODS_PODFILE_DIR_PATH}/Podfile.lock\" \"${PODS_ROOT}/Manifest.lock\" > /dev/null\nif [ $? != 0 ] ; then\n    # print error to STDERR\n    echo \"error: The sandbox is not in sync with the Podfile.lock. Run 'pod install' or update your CocoaPods installation.\" >&2\n    exit 1\nfi\n# This output is used by Xcode 'outputs' to avoid re-running this script phase.\necho \"SUCCESS\" > \"${SCRIPT_OUTPUT_FILE_0}\"\n";
			showEnvVarsInLog = 0;
		};
		223D7349C22CC1CCB21F4AF5 /* [CP] Embed Pods Frameworks */ = {
			isa = PBXShellScriptBuildPhase;
			buildActionMask = 2147483647;
			files = (
			);
			inputFileListPaths = (
			);
			inputPaths = (
				"${SRCROOT}/Pods/Target Support Files/Pods-maobaba/Pods-maobaba-frameworks.sh",
				"${BUILT_PRODUCTS_DIR}/Alamofire/Alamofire.framework",
				"${BUILT_PRODUCTS_DIR}/SwiftyJSON/SwiftyJSON.framework",
			);
			name = "[CP] Embed Pods Frameworks";
			outputFileListPaths = (
			);
			outputPaths = (
				"${TARGET_BUILD_DIR}/${FRAMEWORKS_FOLDER_PATH}/Alamofire.framework",
				"${TARGET_BUILD_DIR}/${FRAMEWORKS_FOLDER_PATH}/SwiftyJSON.framework",
			);
			runOnlyForDeploymentPostprocessing = 0;
			shellPath = /bin/sh;
			shellScript = "\"${SRCROOT}/Pods/Target Support Files/Pods-maobaba/Pods-maobaba-frameworks.sh\"\n";
			showEnvVarsInLog = 0;
		};
		45282E044313A81E7EFCF588 /* [CP] Check Pods Manifest.lock */ = {
			isa = PBXShellScriptBuildPhase;
			buildActionMask = 2147483647;
			files = (
			);
			inputFileListPaths = (
			);
			inputPaths = (
				"${PODS_PODFILE_DIR_PATH}/Podfile.lock",
				"${PODS_ROOT}/Manifest.lock",
			);
			name = "[CP] Check Pods Manifest.lock";
			outputFileListPaths = (
			);
			outputPaths = (
				"$(DERIVED_FILE_DIR)/Pods-maobabaTests-checkManifestLockResult.txt",
			);
			runOnlyForDeploymentPostprocessing = 0;
			shellPath = /bin/sh;
			shellScript = "diff \"${PODS_PODFILE_DIR_PATH}/Podfile.lock\" \"${PODS_ROOT}/Manifest.lock\" > /dev/null\nif [ $? != 0 ] ; then\n    # print error to STDERR\n    echo \"error: The sandbox is not in sync with the Podfile.lock. Run 'pod install' or update your CocoaPods installation.\" >&2\n    exit 1\nfi\n# This output is used by Xcode 'outputs' to avoid re-running this script phase.\necho \"SUCCESS\" > \"${SCRIPT_OUTPUT_FILE_0}\"\n";
			showEnvVarsInLog = 0;
		};
		7B7290BEF0E8CBC8CDD1D977 /* [CP] Check Pods Manifest.lock */ = {
			isa = PBXShellScriptBuildPhase;
			buildActionMask = 2147483647;
			files = (
			);
			inputFileListPaths = (
			);
			inputPaths = (
				"${PODS_PODFILE_DIR_PATH}/Podfile.lock",
				"${PODS_ROOT}/Manifest.lock",
			);
			name = "[CP] Check Pods Manifest.lock";
			outputFileListPaths = (
			);
			outputPaths = (
				"$(DERIVED_FILE_DIR)/Pods-maobaba-checkManifestLockResult.txt",
			);
			runOnlyForDeploymentPostprocessing = 0;
			shellPath = /bin/sh;
			shellScript = "diff \"${PODS_PODFILE_DIR_PATH}/Podfile.lock\" \"${PODS_ROOT}/Manifest.lock\" > /dev/null\nif [ $? != 0 ] ; then\n    # print error to STDERR\n    echo \"error: The sandbox is not in sync with the Podfile.lock. Run 'pod install' or update your CocoaPods installation.\" >&2\n    exit 1\nfi\n# This output is used by Xcode 'outputs' to avoid re-running this script phase.\necho \"SUCCESS\" > \"${SCRIPT_OUTPUT_FILE_0}\"\n";
			showEnvVarsInLog = 0;
		};
/* End PBXShellScriptBuildPhase section */

/* Begin PBXSourcesBuildPhase section */
		315DC8312391746F000636DD /* Sources */ = {
			isa = PBXSourcesBuildPhase;
			buildActionMask = 2147483647;
			files = (
				315DC83D2391746F000636DD /* ViewController.swift in Sources */,
				315DC8392391746F000636DD /* AppDelegate.swift in Sources */,
				315DC83B2391746F000636DD /* SceneDelegate.swift in Sources */,
			);
			runOnlyForDeploymentPostprocessing = 0;
		};
		315DC84723917471000636DD /* Sources */ = {
			isa = PBXSourcesBuildPhase;
			buildActionMask = 2147483647;
			files = (
				315DC85023917471000636DD /* maobabaTests.swift in Sources */,
			);
			runOnlyForDeploymentPostprocessing = 0;
		};
		315DC85223917471000636DD /* Sources */ = {
			isa = PBXSourcesBuildPhase;
			buildActionMask = 2147483647;
			files = (
				315DC85B23917471000636DD /* maobabaUITests.swift in Sources */,
			);
			runOnlyForDeploymentPostprocessing = 0;
		};
/* End PBXSourcesBuildPhase section */

/* Begin PBXTargetDependency section */
		315DC84D23917471000636DD /* PBXTargetDependency */ = {
			isa = PBXTargetDependency;
			target = 315DC8342391746F000636DD /* maobaba */;
			targetProxy = 315DC84C23917471000636DD /* PBXContainerItemProxy */;
		};
		315DC85823917471000636DD /* PBXTargetDependency */ = {
			isa = PBXTargetDependency;
			target = 315DC8342391746F000636DD /* maobaba */;
			targetProxy = 315DC85723917471000636DD /* PBXContainerItemProxy */;
		};
/* End PBXTargetDependency section */

/* Begin PBXVariantGroup section */
		315DC83E2391746F000636DD /* Main.storyboard */ = {
			isa = PBXVariantGroup;
			children = (
				315DC83F2391746F000636DD /* Base */,
			);
			name = Main.storyboard;
			sourceTree = "<group>";
		};
		315DC84323917471000636DD /* LaunchScreen.storyboard */ = {
			isa = PBXVariantGroup;
			children = (
				315DC84423917471000636DD /* Base */,
			);
			name = LaunchScreen.storyboard;
			sourceTree = "<group>";
		};
/* End PBXVariantGroup section */

/* Begin XCBuildConfiguration section */
		315DC85D23917471000636DD /* Debug */ = {
			isa = XCBuildConfiguration;
			buildSettings = {
				ALWAYS_SEARCH_USER_PATHS = NO;
				CLANG_ANALYZER_NONNULL = YES;
				CLANG_ANALYZER_NUMBER_OBJECT_CONVERSION = YES_AGGRESSIVE;
				CLANG_CXX_LANGUAGE_STANDARD = "gnu++14";
				CLANG_CXX_LIBRARY = "libc++";
				CLANG_ENABLE_MODULES = YES;
				CLANG_ENABLE_OBJC_ARC = YES;
				CLANG_ENABLE_OBJC_WEAK = YES;
				CLANG_WARN_BLOCK_CAPTURE_AUTORELEASING = YES;
				CLANG_WARN_BOOL_CONVERSION = YES;
				CLANG_WARN_COMMA = YES;
				CLANG_WARN_CONSTANT_CONVERSION = YES;
				CLANG_WARN_DEPRECATED_OBJC_IMPLEMENTATIONS = YES;
				CLANG_WARN_DIRECT_OBJC_ISA_USAGE = YES_ERROR;
				CLANG_WARN_DOCUMENTATION_COMMENTS = YES;
				CLANG_WARN_EMPTY_BODY = YES;
				CLANG_WARN_ENUM_CONVERSION = YES;
				CLANG_WARN_INFINITE_RECURSION = YES;
				CLANG_WARN_INT_CONVERSION = YES;
				CLANG_WARN_NON_LITERAL_NULL_CONVERSION = YES;
				CLANG_WARN_OBJC_IMPLICIT_RETAIN_SELF = YES;
				CLANG_WARN_OBJC_LITERAL_CONVERSION = YES;
				CLANG_WARN_OBJC_ROOT_CLASS = YES_ERROR;
				CLANG_WARN_RANGE_LOOP_ANALYSIS = YES;
				CLANG_WARN_STRICT_PROTOTYPES = YES;
				CLANG_WARN_SUSPICIOUS_MOVE = YES;
				CLANG_WARN_UNGUARDED_AVAILABILITY = YES_AGGRESSIVE;
				CLANG_WARN_UNREACHABLE_CODE = YES;
				CLANG_WARN__DUPLICATE_METHOD_MATCH = YES;
				COPY_PHASE_STRIP = NO;
				DEBUG_INFORMATION_FORMAT = dwarf;
				ENABLE_STRICT_OBJC_MSGSEND = YES;
				ENABLE_TESTABILITY = YES;
				GCC_C_LANGUAGE_STANDARD = gnu11;
				GCC_DYNAMIC_NO_PIC = NO;
				GCC_NO_COMMON_BLOCKS = YES;
				GCC_OPTIMIZATION_LEVEL = 0;
				GCC_PREPROCESSOR_DEFINITIONS = (
					"DEBUG=1",
					"$(inherited)",
				);
				GCC_WARN_64_TO_32_BIT_CONVERSION = YES;
				GCC_WARN_ABOUT_RETURN_TYPE = YES_ERROR;
				GCC_WARN_UNDECLARED_SELECTOR = YES;
				GCC_WARN_UNINITIALIZED_AUTOS = YES_AGGRESSIVE;
				GCC_WARN_UNUSED_FUNCTION = YES;
				GCC_WARN_UNUSED_VARIABLE = YES;
				IPHONEOS_DEPLOYMENT_TARGET = 13.2;
				MTL_ENABLE_DEBUG_INFO = INCLUDE_SOURCE;
				MTL_FAST_MATH = YES;
				ONLY_ACTIVE_ARCH = YES;
				SDKROOT = iphoneos;
				SWIFT_ACTIVE_COMPILATION_CONDITIONS = DEBUG;
				SWIFT_OPTIMIZATION_LEVEL = "-Onone";
			};
			name = Debug;
		};
		315DC85E23917471000636DD /* Release */ = {
			isa = XCBuildConfiguration;
			buildSettings = {
				ALWAYS_SEARCH_USER_PATHS = NO;
				CLANG_ANALYZER_NONNULL = YES;
				CLANG_ANALYZER_NUMBER_OBJECT_CONVERSION = YES_AGGRESSIVE;
				CLANG_CXX_LANGUAGE_STANDARD = "gnu++14";
				CLANG_CXX_LIBRARY = "libc++";
				CLANG_ENABLE_MODULES = YES;
				CLANG_ENABLE_OBJC_ARC = YES;
				CLANG_ENABLE_OBJC_WEAK = YES;
				CLANG_WARN_BLOCK_CAPTURE_AUTORELEASING = YES;
				CLANG_WARN_BOOL_CONVERSION = YES;
				CLANG_WARN_COMMA = YES;
				CLANG_WARN_CONSTANT_CONVERSION = YES;
				CLANG_WARN_DEPRECATED_OBJC_IMPLEMENTATIONS = YES;
				CLANG_WARN_DIRECT_OBJC_ISA_USAGE = YES_ERROR;
				CLANG_WARN_DOCUMENTATION_COMMENTS = YES;
				CLANG_WARN_EMPTY_BODY = YES;
				CLANG_WARN_ENUM_CONVERSION = YES;
				CLANG_WARN_INFINITE_RECURSION = YES;
				CLANG_WARN_INT_CONVERSION = YES;
				CLANG_WARN_NON_LITERAL_NULL_CONVERSION = YES;
				CLANG_WARN_OBJC_IMPLICIT_RETAIN_SELF = YES;
				CLANG_WARN_OBJC_LITERAL_CONVERSION = YES;
				CLANG_WARN_OBJC_ROOT_CLASS = YES_ERROR;
				CLANG_WARN_RANGE_LOOP_ANALYSIS = YES;
				CLANG_WARN_STRICT_PROTOTYPES = YES;
				CLANG_WARN_SUSPICIOUS_MOVE = YES;
				CLANG_WARN_UNGUARDED_AVAILABILITY = YES_AGGRESSIVE;
				CLANG_WARN_UNREACHABLE_CODE = YES;
				CLANG_WARN__DUPLICATE_METHOD_MATCH = YES;
				COPY_PHASE_STRIP = NO;
				DEBUG_INFORMATION_FORMAT = "dwarf-with-dsym";
				ENABLE_NS_ASSERTIONS = NO;
				ENABLE_STRICT_OBJC_MSGSEND = YES;
				GCC_C_LANGUAGE_STANDARD = gnu11;
				GCC_NO_COMMON_BLOCKS = YES;
				GCC_WARN_64_TO_32_BIT_CONVERSION = YES;
				GCC_WARN_ABOUT_RETURN_TYPE = YES_ERROR;
				GCC_WARN_UNDECLARED_SELECTOR = YES;
				GCC_WARN_UNINITIALIZED_AUTOS = YES_AGGRESSIVE;
				GCC_WARN_UNUSED_FUNCTION = YES;
				GCC_WARN_UNUSED_VARIABLE = YES;
				IPHONEOS_DEPLOYMENT_TARGET = 13.2;
				MTL_ENABLE_DEBUG_INFO = NO;
				MTL_FAST_MATH = YES;
				SDKROOT = iphoneos;
				SWIFT_COMPILATION_MODE = wholemodule;
				SWIFT_OPTIMIZATION_LEVEL = "-O";
				VALIDATE_PRODUCT = YES;
			};
			name = Release;
		};
		315DC86023917471000636DD /* Debug */ = {
			isa = XCBuildConfiguration;
			baseConfigurationReference = FE75278676352F7660E19811 /* Pods-maobaba.debug.xcconfig */;
			buildSettings = {
				ASSETCATALOG_COMPILER_APPICON_NAME = AppIcon;
				CODE_SIGN_STYLE = Automatic;
				DEVELOPMENT_TEAM = ZWNW97KJKL;
				INFOPLIST_FILE = maobaba/Info.plist;
				IPHONEOS_DEPLOYMENT_TARGET = 8.0;
				LD_RUNPATH_SEARCH_PATHS = (
					"$(inherited)",
					"@executable_path/Frameworks",
				);
				PRODUCT_BUNDLE_IDENTIFIER = com.maobaba.maobaba;
				PRODUCT_NAME = "$(TARGET_NAME)";
				SWIFT_VERSION = 5.0;
				TARGETED_DEVICE_FAMILY = "1,2";
			};
			name = Debug;
		};
		315DC86123917471000636DD /* Release */ = {
			isa = XCBuildConfiguration;
			baseConfigurationReference = 04EFC2C9960645DC0956F15A /* Pods-maobaba.release.xcconfig */;
			buildSettings = {
				ASSETCATALOG_COMPILER_APPICON_NAME = AppIcon;
				CODE_SIGN_STYLE = Automatic;
				DEVELOPMENT_TEAM = ZWNW97KJKL;
				INFOPLIST_FILE = maobaba/Info.plist;
				IPHONEOS_DEPLOYMENT_TARGET = 8.0;
				LD_RUNPATH_SEARCH_PATHS = (
					"$(inherited)",
					"@executable_path/Frameworks",
				);
				PRODUCT_BUNDLE_IDENTIFIER = com.maobaba.maobaba;
				PRODUCT_NAME = "$(TARGET_NAME)";
				SWIFT_VERSION = 5.0;
				TARGETED_DEVICE_FAMILY = "1,2";
			};
			name = Release;
		};
		315DC86323917471000636DD /* Debug */ = {
			isa = XCBuildConfiguration;
			baseConfigurationReference = 4800A08D75C602D6D565ACD6 /* Pods-maobabaTests.debug.xcconfig */;
			buildSettings = {
				ALWAYS_EMBED_SWIFT_STANDARD_LIBRARIES = YES;
				BUNDLE_LOADER = "$(TEST_HOST)";
				CODE_SIGN_STYLE = Automatic;
				DEVELOPMENT_TEAM = ZWNW97KJKL;
				INFOPLIST_FILE = maobabaTests/Info.plist;
				IPHONEOS_DEPLOYMENT_TARGET = 13.2;
				LD_RUNPATH_SEARCH_PATHS = (
					"$(inherited)",
					"@executable_path/Frameworks",
					"@loader_path/Frameworks",
				);
				PRODUCT_BUNDLE_IDENTIFIER = com.maobaba.maobabaTests;
				PRODUCT_NAME = "$(TARGET_NAME)";
				SWIFT_VERSION = 5.0;
				TARGETED_DEVICE_FAMILY = "1,2";
				TEST_HOST = "$(BUILT_PRODUCTS_DIR)/maobaba.app/maobaba";
			};
			name = Debug;
		};
		315DC86423917471000636DD /* Release */ = {
			isa = XCBuildConfiguration;
			baseConfigurationReference = 131012C8579CF708B4D2D4A1 /* Pods-maobabaTests.release.xcconfig */;
			buildSettings = {
				ALWAYS_EMBED_SWIFT_STANDARD_LIBRARIES = YES;
				BUNDLE_LOADER = "$(TEST_HOST)";
				CODE_SIGN_STYLE = Automatic;
				DEVELOPMENT_TEAM = ZWNW97KJKL;
				INFOPLIST_FILE = maobabaTests/Info.plist;
				IPHONEOS_DEPLOYMENT_TARGET = 13.2;
				LD_RUNPATH_SEARCH_PATHS = (
					"$(inherited)",
					"@executable_path/Frameworks",
					"@loader_path/Frameworks",
				);
				PRODUCT_BUNDLE_IDENTIFIER = com.maobaba.maobabaTests;
				PRODUCT_NAME = "$(TARGET_NAME)";
				SWIFT_VERSION = 5.0;
				TARGETED_DEVICE_FAMILY = "1,2";
				TEST_HOST = "$(BUILT_PRODUCTS_DIR)/maobaba.app/maobaba";
			};
			name = Release;
		};
		315DC86623917471000636DD /* Debug */ = {
			isa = XCBuildConfiguration;
			baseConfigurationReference = DC44D001B69E3216D92ABA1A /* Pods-maobabaUITests.debug.xcconfig */;
			buildSettings = {
				ALWAYS_EMBED_SWIFT_STANDARD_LIBRARIES = YES;
				CODE_SIGN_STYLE = Automatic;
				DEVELOPMENT_TEAM = ZWNW97KJKL;
				INFOPLIST_FILE = maobabaUITests/Info.plist;
				LD_RUNPATH_SEARCH_PATHS = (
					"$(inherited)",
					"@executable_path/Frameworks",
					"@loader_path/Frameworks",
				);
				PRODUCT_BUNDLE_IDENTIFIER = com.maobaba.maobabaUITests;
				PRODUCT_NAME = "$(TARGET_NAME)";
				SWIFT_VERSION = 5.0;
				TARGETED_DEVICE_FAMILY = "1,2";
				TEST_TARGET_NAME = maobaba;
			};
			name = Debug;
		};
		315DC86723917471000636DD /* Release */ = {
			isa = XCBuildConfiguration;
			baseConfigurationReference = 61E5ACC7F89C568FD7958380 /* Pods-maobabaUITests.release.xcconfig */;
			buildSettings = {
				ALWAYS_EMBED_SWIFT_STANDARD_LIBRARIES = YES;
				CODE_SIGN_STYLE = Automatic;
				DEVELOPMENT_TEAM = ZWNW97KJKL;
				INFOPLIST_FILE = maobabaUITests/Info.plist;
				LD_RUNPATH_SEARCH_PATHS = (
					"$(inherited)",
					"@executable_path/Frameworks",
					"@loader_path/Frameworks",
				);
				PRODUCT_BUNDLE_IDENTIFIER = com.maobaba.maobabaUITests;
				PRODUCT_NAME = "$(TARGET_NAME)";
				SWIFT_VERSION = 5.0;
				TARGETED_DEVICE_FAMILY = "1,2";
				TEST_TARGET_NAME = maobaba;
			};
			name = Release;
		};
/* End XCBuildConfiguration section */

/* Begin XCConfigurationList section */
		315DC8302391746F000636DD /* Build configuration list for PBXProject "maobaba" */ = {
			isa = XCConfigurationList;
			buildConfigurations = (
				315DC85D23917471000636DD /* Debug */,
				315DC85E23917471000636DD /* Release */,
			);
			defaultConfigurationIsVisible = 0;
			defaultConfigurationName = Release;
		};
		315DC85F23917471000636DD /* Build configuration list for PBXNativeTarget "maobaba" */ = {
			isa = XCConfigurationList;
			buildConfigurations = (
				315DC86023917471000636DD /* Debug */,
				315DC86123917471000636DD /* Release */,
			);
			defaultConfigurationIsVisible = 0;
			defaultConfigurationName = Release;
		};
		315DC86223917471000636DD /* Build configuration list for PBXNativeTarget "maobabaTests" */ = {
			isa = XCConfigurationList;
			buildConfigurations = (
				315DC86323917471000636DD /* Debug */,
				315DC86423917471000636DD /* Release */,
			);
			defaultConfigurationIsVisible = 0;
			defaultConfigurationName = Release;
		};
		315DC86523917471000636DD /* Build configuration list for PBXNativeTarget "maobabaUITests" */ = {
			isa = XCConfigurationList;
			buildConfigurations = (
				315DC86623917471000636DD /* Debug */,
				315DC86723917471000636DD /* Release */,
			);
			defaultConfigurationIsVisible = 0;
			defaultConfigurationName = Release;
		};
/* End XCConfigurationList section */
	};
	rootObject = 315DC82D2391746F000636DD /* Project object */;
}
